
Microsoft Visual Studio Solution File, Format Version 12.00
# Visual Studio Version 17
VisualStudioVersion = 17.14.36301.6 d17.14
MinimumVisualStudioVersion = 10.0.40219.1
Project("{FAE04EC0-301F-11D3-BF4B-00C04F79EFBC}") = "WpfApp1", "WpfApp1\WpfApp1.csproj", "{11FF0E97-6897-4D8C-BECC-B6D55D4BBC07}"
EndProject
Global
	GlobalSection(SolutionConfigurationPlatforms) = preSolution
		Debug|Any CPU = Debug|Any CPU
		Release|Any CPU = Release|Any CPU
	EndGlobalSection
	GlobalSection(ProjectConfigurationPlatforms) = postSolution
		{11FF0E97-6897-4D8C-BECC-B6D55D4BBC07}.Debug|Any CPU.ActiveCfg = Debug|Any CPU
		{11FF0E97-6897-4D8C-BECC-B6D55D4BBC07}.Debug|Any CPU.Build.0 = Debug|Any CPU
		{11FF0E97-6897-4D8C-BECC-B6D55D4BBC07}.Release|Any CPU.ActiveCfg = Release|Any CPU
		{11FF0E97-6897-4D8C-BECC-B6D55D4BBC07}.Release|Any CPU.Build.0 = Release|Any CPU
	EndGlobalSection
	GlobalSection(SolutionProperties) = preSolution
		HideSolutionNode = FALSE
	EndGlobalSection
	GlobalSection(ExtensibilityGlobals) = postSolution
		SolutionGuid = {E38BB5EE-970E-4C4C-A1CA-88D0D43B6412}
	EndGlobalSection
EndGlobal
